{
    "_meta": {
        "hash": {
            "sha256": "4ff95fb429ad015f3129c4afa7f56d16a269e81cd9c609672accd45a35903a61"
        },
        "pipfile-spec": 6,
        "requires": {
            "python_version": "3.9"
        },
        "sources": [
            {
                "name": "pypi",
                "url": "https://pypi.org/simple",
                "verify_ssl": true
            }
        ]
    },
    "default": {
        "certifi": {
            "hashes": [
                "sha256:0f0d56dc5a6ad56fd4ba36484d6cc34451e1c6548c61daad8c320169f91eddc7",
                "sha256:c6c2e98f5c7869efca1f8916fed228dd91539f9f1b444c314c06eef02980c716"
            ],
            "markers": "python_version >= '3.6'",
            "version": "==2023.5.7"
        },
        "charset-normalizer": {
            "hashes": [
                "sha256:04afa6387e2b282cf78ff3dbce20f0cc071c12dc8f685bd40960cc68644cfea6",
                "sha256:04eefcee095f58eaabe6dc3cc2262f3bcd776d2c67005880894f447b3f2cb9c1",
                "sha256:0be65ccf618c1e7ac9b849c315cc2e8a8751d9cfdaa43027d4f6624bd587ab7e",
                "sha256:0c95f12b74681e9ae127728f7e5409cbbef9cd914d5896ef238cc779b8152373",
                "sha256:0ca564606d2caafb0abe6d1b5311c2649e8071eb241b2d64e75a0d0065107e62",
                "sha256:10c93628d7497c81686e8e5e557aafa78f230cd9e77dd0c40032ef90c18f2230",
                "sha256:11d117e6c63e8f495412d37e7dc2e2fff09c34b2d09dbe2bee3c6229577818be",
                "sha256:11d3bcb7be35e7b1bba2c23beedac81ee893ac9871d0ba79effc7fc01167db6c",
                "sha256:12a2b561af122e3d94cdb97fe6fb2bb2b82cef0cdca131646fdb940a1eda04f0",
                "sha256:12d1a39aa6b8c6f6248bb54550efcc1c38ce0d8096a146638fd4738e42284448",
                "sha256:1435ae15108b1cb6fffbcea2af3d468683b7afed0169ad718451f8db5d1aff6f",
                "sha256:1c60b9c202d00052183c9be85e5eaf18a4ada0a47d188a83c8f5c5b23252f649",
                "sha256:1e8fcdd8f672a1c4fc8d0bd3a2b576b152d2a349782d1eb0f6b8e52e9954731d",
                "sha256:20064ead0717cf9a73a6d1e779b23d149b53daf971169289ed2ed43a71e8d3b0",
                "sha256:21fa558996782fc226b529fdd2ed7866c2c6ec91cee82735c98a197fae39f706",
                "sha256:22908891a380d50738e1f978667536f6c6b526a2064156203d418f4856d6e86a",
                "sha256:3160a0fd9754aab7d47f95a6b63ab355388d890163eb03b2d2b87ab0a30cfa59",
                "sha256:322102cdf1ab682ecc7d9b1c5eed4ec59657a65e1c146a0da342b78f4112db23",
                "sha256:34e0a2f9c370eb95597aae63bf85eb5e96826d81e3dcf88b8886012906f509b5",
                "sha256:3573d376454d956553c356df45bb824262c397c6e26ce43e8203c4c540ee0acb",
                "sha256:3747443b6a904001473370d7810aa19c3a180ccd52a7157aacc264a5ac79265e",
                "sha256:38e812a197bf8e71a59fe55b757a84c1f946d0ac114acafaafaf21667a7e169e",
                "sha256:3a06f32c9634a8705f4ca9946d667609f52cf130d5548881401f1eb2c39b1e2c",
                "sha256:3a5fc78f9e3f501a1614a98f7c54d3969f3ad9bba8ba3d9b438c3bc5d047dd28",
                "sha256:3d9098b479e78c85080c98e1e35ff40b4a31d8953102bb0fd7d1b6f8a2111a3d",
                "sha256:3dc5b6a8ecfdc5748a7e429782598e4f17ef378e3e272eeb1340ea57c9109f41",
                "sha256:4155b51ae05ed47199dc5b2a4e62abccb274cee6b01da5b895099b61b1982974",
                "sha256:49919f8400b5e49e961f320c735388ee686a62327e773fa5b3ce6721f7e785ce",
                "sha256:53d0a3fa5f8af98a1e261de6a3943ca631c526635eb5817a87a59d9a57ebf48f",
                "sha256:5f008525e02908b20e04707a4f704cd286d94718f48bb33edddc7d7b584dddc1",
                "sha256:628c985afb2c7d27a4800bfb609e03985aaecb42f955049957814e0491d4006d",
                "sha256:65ed923f84a6844de5fd29726b888e58c62820e0769b76565480e1fdc3d062f8",
                "sha256:6734e606355834f13445b6adc38b53c0fd45f1a56a9ba06c2058f86893ae8017",
                "sha256:6baf0baf0d5d265fa7944feb9f7451cc316bfe30e8df1a61b1bb08577c554f31",
                "sha256:6f4f4668e1831850ebcc2fd0b1cd11721947b6dc7c00bf1c6bd3c929ae14f2c7",
                "sha256:6f5c2e7bc8a4bf7c426599765b1bd33217ec84023033672c1e9a8b35eaeaaaf8",
                "sha256:6f6c7a8a57e9405cad7485f4c9d3172ae486cfef1344b5ddd8e5239582d7355e",
                "sha256:7381c66e0561c5757ffe616af869b916c8b4e42b367ab29fedc98481d1e74e14",
                "sha256:73dc03a6a7e30b7edc5b01b601e53e7fc924b04e1835e8e407c12c037e81adbd",
                "sha256:74db0052d985cf37fa111828d0dd230776ac99c740e1a758ad99094be4f1803d",
                "sha256:75f2568b4189dda1c567339b48cba4ac7384accb9c2a7ed655cd86b04055c795",
                "sha256:78cacd03e79d009d95635e7d6ff12c21eb89b894c354bd2b2ed0b4763373693b",
                "sha256:80d1543d58bd3d6c271b66abf454d437a438dff01c3e62fdbcd68f2a11310d4b",
                "sha256:830d2948a5ec37c386d3170c483063798d7879037492540f10a475e3fd6f244b",
                "sha256:891cf9b48776b5c61c700b55a598621fdb7b1e301a550365571e9624f270c203",
                "sha256:8f25e17ab3039b05f762b0a55ae0b3632b2e073d9c8fc88e89aca31a6198e88f",
                "sha256:9a3267620866c9d17b959a84dd0bd2d45719b817245e49371ead79ed4f710d19",
                "sha256:a04f86f41a8916fe45ac5024ec477f41f886b3c435da2d4e3d2709b22ab02af1",
                "sha256:aaf53a6cebad0eae578f062c7d462155eada9c172bd8c4d250b8c1d8eb7f916a",
                "sha256:abc1185d79f47c0a7aaf7e2412a0eb2c03b724581139193d2d82b3ad8cbb00ac",
                "sha256:ac0aa6cd53ab9a31d397f8303f92c42f534693528fafbdb997c82bae6e477ad9",
                "sha256:ac3775e3311661d4adace3697a52ac0bab17edd166087d493b52d4f4f553f9f0",
                "sha256:b06f0d3bf045158d2fb8837c5785fe9ff9b8c93358be64461a1089f5da983137",
                "sha256:b116502087ce8a6b7a5f1814568ccbd0e9f6cfd99948aa59b0e241dc57cf739f",
                "sha256:b82fab78e0b1329e183a65260581de4375f619167478dddab510c6c6fb04d9b6",
                "sha256:bd7163182133c0c7701b25e604cf1611c0d87712e56e88e7ee5d72deab3e76b5",
                "sha256:c36bcbc0d5174a80d6cccf43a0ecaca44e81d25be4b7f90f0ed7bcfbb5a00909",
                "sha256:c3af8e0f07399d3176b179f2e2634c3ce9c1301379a6b8c9c9aeecd481da494f",
                "sha256:c84132a54c750fda57729d1e2599bb598f5fa0344085dbde5003ba429a4798c0",
                "sha256:cb7b2ab0188829593b9de646545175547a70d9a6e2b63bf2cd87a0a391599324",
                "sha256:cca4def576f47a09a943666b8f829606bcb17e2bc2d5911a46c8f8da45f56755",
                "sha256:cf6511efa4801b9b38dc5546d7547d5b5c6ef4b081c60b23e4d941d0eba9cbeb",
                "sha256:d16fd5252f883eb074ca55cb622bc0bee49b979ae4e8639fff6ca3ff44f9f854",
                "sha256:d2686f91611f9e17f4548dbf050e75b079bbc2a82be565832bc8ea9047b61c8c",
                "sha256:d7fc3fca01da18fbabe4625d64bb612b533533ed10045a2ac3dd194bfa656b60",
                "sha256:dd5653e67b149503c68c4018bf07e42eeed6b4e956b24c00ccdf93ac79cdff84",
                "sha256:de5695a6f1d8340b12a5d6d4484290ee74d61e467c39ff03b39e30df62cf83a0",
                "sha256:e0ac8959c929593fee38da1c2b64ee9778733cdf03c482c9ff1d508b6b593b2b",
                "sha256:e1b25e3ad6c909f398df8921780d6a3d120d8c09466720226fc621605b6f92b1",
                "sha256:e633940f28c1e913615fd624fcdd72fdba807bf53ea6925d6a588e84e1151531",
                "sha256:e89df2958e5159b811af9ff0f92614dabf4ff617c03a4c1c6ff53bf1c399e0e1",
                "sha256:ea9f9c6034ea2d93d9147818f17c2a0860d41b71c38b9ce4d55f21b6f9165a11",
                "sha256:f645caaf0008bacf349875a974220f1f1da349c5dbe7c4ec93048cdc785a3326",
                "sha256:f8303414c7b03f794347ad062c0516cee0e15f7a612abd0ce1e25caf6ceb47df",
                "sha256:fca62a8301b605b954ad2e9c3666f9d97f63872aa4efcae5492baca2056b74ab"
            ],
            "markers": "python_full_version >= '3.7.0'",
            "version": "==3.1.0"
        },
        "click": {
            "hashes": [
                "sha256:7682dc8afb30297001674575ea00d1814d808d6a36af415a82bd481d37ba7b8e",
                "sha256:bb4d8133cb15a609f44e8213d9b391b0809795062913b383c62be0ee95b1db48"
            ],
            "markers": "python_full_version >= '3.7.0'",
            "version": "==8.1.3"
        },
        "idna": {
            "hashes": [
                "sha256:814f528e8dead7d329833b91c5faa87d60bf71824cd12a7530b5526063d02cb4",
                "sha256:90b77e79eaa3eba6de819a0c442c0b4ceefc341a7a2ab77d7562bf49f425c5c2"
            ],
            "markers": "python_version >= '3.5'",
            "version": "==3.4"
        },
        "jellyfish": {
            "hashes": [
                "sha256:010ebed019b7efa27171acb66ca5e7d4f40ab0b122663e6b4062ac22816b5d9a",
                "sha256:02611b975311694bc98789f03c12bbd679cba4a95b74d0f51f264a4bf7b14021",
                "sha256:0c289620b2a1931237b75f4a08f93531f3a9a0125a840c8a780e50688520b266",
                "sha256:0cbe9f573dfd0bffbe60fb6980d54e65c7772dec217c4bc68392141458c8406e",
                "sha256:1613e6623de71008c4b27250b8f2c5406104beff6487b9fe48af5089e06de2dd",
                "sha256:16cf6a55433ca4fe8f13d5ba96882a058d19030bcd8c50cdd8f62009c4106c55",
                "sha256:1d7b7fa3e0e6c7c83fc0fd1e3abce2fa7d72945c97da9bf9b84d396bbfcaf61a",
                "sha256:1fab569e574a40fa5e9268d0a00f38d808b997f777a0583e2b9ba135a9536a02",
                "sha256:26b07f9f957054a99573d51c40118aa1a400354da54e65d24cf22c41840f7a95",
                "sha256:2d28edaaae08b2af9babf39b2e7d30571217fbc70168d88fbdef414e53177ca8",
                "sha256:335f287613af3b23bb06ab216a78315b5cec877c84748c8927cb4e4e106fbe6f",
                "sha256:3aea11b9a0699bdaa0e15df2e3beeceb5cac82ab072b35f2997ecc3493240027",
                "sha256:3ded3e9b5aa82371281f494fbbfab9a0fa79b0a66bf529b63c109fe0328d23c5",
                "sha256:44cbafbe1bdf9e878ac144880d15f31ab79fb4f5fb22a7df55378519d80cfdcc",
                "sha256:4db605459280deefc2b3497932aeb2784c54ede2aec786a4120cf650281652ad",
                "sha256:4de595f3395e15a82f5a45c3265ea8fd594b19f62bbdc7349a3468bba63878a2",
                "sha256:4ea2777bbee00e896c9d5bb3a146f6e2387b3c83e0f9bdfa53aef824010ae14b",
                "sha256:519297c0f3bf119958012348354afb2c95cbc61f78b4807ff8d1378199f70a4a",
                "sha256:5204365138dbbd50f634cb246a4812f64d3b3054d32825c16c5176cae2171dcf",
                "sha256:54af2ca0db82b57c022aa3e3a5ed5fa57ac2b8ab3c005ecefc975a648bf771c6",
                "sha256:58385a72663e53d753c8c3131d609f35be841068ac319c507bc49c951333b394",
                "sha256:60e3b8e7e38b85df90f2e04eeed592fe1abc71941ce09e57a8956e21f05ce64f",
                "sha256:6245916cb73242828ba4f8f44dec3f149b96965848d59d3d66b1f809208dc39a",
                "sha256:654f2b1543b9927c4429bd5d66f98d1f47e6eb9a4e56212e1907fb4eea258c5a",
                "sha256:661c46b427a1c2a4b4343bda71354a37e897648239f8831d149eb1e7a2bf902c",
                "sha256:69a53c1ccf26ad480a277ee3147c7db9284511d79e1aa117855078423798d277",
                "sha256:6ba932f17566a21c009dac8167c0289dd2175c219eea3f3f695d043c50989f46",
                "sha256:6bff57058fb2c9ffefe4b683a4c61de58346603ef699f768f173a2a0637a0c16",
                "sha256:76c452ef0f0241fabbd6943abfccbcb29dc6078ccc1dcef066fe537bb518ad6e",
                "sha256:790ad5b36796f521189a609120689840540b3d7a44e64b7bc2007ebab6c96d52",
                "sha256:7be70324908f9f4be6c06278cd9be58d8a30b6d25f5eb7522537c5da08819ade",
                "sha256:7d38c2f19ec0b8b217678074b5ab56d9f44e075327b1fb0d2aa4a9e2968b27b5",
                "sha256:7d51a3cc18b1143f03c135ea34919daf2f87126c5e55b0f2e60e4616f1765f8d",
                "sha256:8f9f5f2af653696c29466a94bf0237c64fe21699d9416e0e94ca51863c1ce96a",
                "sha256:90fc8c600252072e48c5bc4e0e4d835c440c9c94f69e1d26a672328e17de3ec8",
                "sha256:91912106d47b5367704d3e222822750998610a12b1aa9b259eb38bf059aa2383",
                "sha256:9a92d5dce96711fad362399c8a569923b488ab108f531157ca381decc7096d7d",
                "sha256:9df6bb8ba3c6f2508dc030ed77e489f427d44cf24557a0a8ab2bba3c19af99d6",
                "sha256:9e2f7172d7c5fda4222f98247ab8d366a4ef879350b927dfbdefe1dd6dd83ef3",
                "sha256:a1b1ae7e64e9d58c0d4ce2278a229f3f7ead5eb2744f90369f3967f3c666f28f",
                "sha256:a9e70e018c9620378c95b28de6d597c6cf87cd0b9e9b446444468e7e411b159d",
                "sha256:b2e563bdaa9abb028b4a9bca9903aaa463a2bae7b05e7af50326d2c1ba959f8e",
                "sha256:b5136535cbf5535090ce99a1f56cfaec43f11f29277faf67241f4bf6f0b578bc",
                "sha256:bd8000a32da09cbb717d7434c39bf7421e7d8367a711fe617fa6addee3572740",
                "sha256:bfff0dc1d6d470183e8e0e76b798f81a7ccfaef92c409647dbc0fb4d0a01e1d5",
                "sha256:c82b72feca25036bda4ea4e355cc06707e61724e970672a987e76bf2b2fc6922",
                "sha256:cad06b9d0f76d5d030bcb8b86454e50aae8166b1c507d3d610743abcf8b7881a",
                "sha256:cd1a25a4ff4b75b8a91ba42f6a27a5f423d0cb1ae2f29090a99e0a29afdfefdc",
                "sha256:de3a153b1b915d8e37ce97c47b90ebad061624ae922bf3c250b1e0c3362c3ade",
                "sha256:de6c1d9f7e9d2e65e23774d792054bcc9b995d6fae447b0cf99e7be12926f28b",
                "sha256:e097c439f33eecdd85ef11a30158905c8e7d2888a163adbbe9f11c96af1af34b",
                "sha256:ec049a17942be3ecfd239a8fe9cf34caaf063ac9c14e700fe59b74528798aedd",
                "sha256:ed39ff56c19a4150f412b63e9835354c929f3d8108c586d604cc1c342f0ca34c",
                "sha256:f44546131011cbaa76f2a38d87faeec73524efa812d04b7d3edbf6e6e76c4969",
                "sha256:f7872acd036f2edf1bbe503ee26dd218216f62a9ab717d9d984a8504234cc484",
                "sha256:fdc44007f3f69b8637edc79e8fed0a75a3d4fc08209167aadbe4cf9724469e90",
                "sha256:ff959e48103f4c7a65a7fd67c5783d8939ecfbc3d3ad2b726030b0652e781e41"
            ],
            "markers": "python_full_version >= '3.7.0'",
            "version": "==0.11.2"
        },
        "langdetect": {
            "hashes": [
                "sha256:7cbc0746252f19e76f77c0b1690aadf01963be835ef0cd4b56dddf2a8f1dfc2a",
                "sha256:cbc1fef89f8d062739774bd51eda3da3274006b3661d199c2655f6b3f6d605a0"
            ],
            "index": "pypi",
            "version": "==1.0.9"
        },
        "networkx": {
            "hashes": [
                "sha256:4f33f68cb2afcf86f28a45f43efc27a9386b535d567d2127f8f61d51dec58d36",
                "sha256:de346335408f84de0eada6ff9fafafff9bcda11f0a0dfaa931133debb146ab61"
            ],
            "markers": "python_version >= '3.8'",
            "version": "==3.1"
        },
        "numpy": {
            "hashes": [
                "sha256:0ec87a7084caa559c36e0a2309e4ecb1baa03b687201d0a847c8b0ed476a7187",
                "sha256:1a7d6acc2e7524c9955e5c903160aa4ea083736fde7e91276b0e5d98e6332812",
                "sha256:202de8f38fc4a45a3eea4b63e2f376e5f2dc64ef0fa692838e31a808520efaf7",
                "sha256:210461d87fb02a84ef243cac5e814aad2b7f4be953b32cb53327bb49fd77fbb4",
                "sha256:2d926b52ba1367f9acb76b0df6ed21f0b16a1ad87c6720a1121674e5cf63e2b6",
                "sha256:352ee00c7f8387b44d19f4cada524586f07379c0d49270f87233983bc5087ca0",
                "sha256:35400e6a8d102fd07c71ed7dcadd9eb62ee9a6e84ec159bd48c28235bbb0f8e4",
                "sha256:3c1104d3c036fb81ab923f507536daedc718d0ad5a8707c6061cdfd6d184e570",
                "sha256:4719d5aefb5189f50887773699eaf94e7d1e02bf36c1a9d353d9f46703758ca4",
                "sha256:4749e053a29364d3452c034827102ee100986903263e89884922ef01a0a6fd2f",
                "sha256:5342cf6aad47943286afa6f1609cad9b4266a05e7f2ec408e2cf7aea7ff69d80",
                "sha256:56e48aec79ae238f6e4395886b5eaed058abb7231fb3361ddd7bfdf4eed54289",
                "sha256:76e3f4e85fc5d4fd311f6e9b794d0c00e7002ec122be271f2019d63376f1d385",
                "sha256:7776ea65423ca6a15255ba1872d82d207bd1e09f6d0894ee4a64678dd2204078",
                "sha256:784c6da1a07818491b0ffd63c6bbe5a33deaa0e25a20e1b3ea20cf0e43f8046c",
                "sha256:8535303847b89aa6b0f00aa1dc62867b5a32923e4d1681a35b5eef2d9591a463",
                "sha256:9a7721ec204d3a237225db3e194c25268faf92e19338a35f3a224469cb6039a3",
                "sha256:a1d3c026f57ceaad42f8231305d4653d5f05dc6332a730ae5c0bea3513de0950",
                "sha256:ab344f1bf21f140adab8e47fdbc7c35a477dc01408791f8ba00d018dd0bc5155",
                "sha256:ab5f23af8c16022663a652d3b25dcdc272ac3f83c3af4c02eb8b824e6b3ab9d7",
                "sha256:ae8d0be48d1b6ed82588934aaaa179875e7dc4f3d84da18d7eae6eb3f06c242c",
                "sha256:c91c4afd8abc3908e00a44b2672718905b8611503f7ff87390cc0ac3423fb096",
                "sha256:d5036197ecae68d7f491fcdb4df90082b0d4960ca6599ba2659957aafced7c17",
                "sha256:d6cc757de514c00b24ae8cf5c876af2a7c3df189028d68c0cb4eaa9cd5afc2bf",
                "sha256:d933fabd8f6a319e8530d0de4fcc2e6a61917e0b0c271fded460032db42a0fe4",
                "sha256:ea8282b9bcfe2b5e7d491d0bf7f3e2da29700cec05b49e64d6246923329f2b02",
                "sha256:ecde0f8adef7dfdec993fd54b0f78183051b6580f606111a6d789cd14c61ea0c",
                "sha256:f21c442fdd2805e91799fbe044a7b999b8571bb0ab0f7850d0cb9641a687092b"
            ],
            "markers": "python_version >= '3.8'",
            "version": "==1.24.3"
        },
        "packaging": {
            "hashes": [
                "sha256:994793af429502c4ea2ebf6bf664629d07c1a9fe974af92966e4b8d2df7edc61",
                "sha256:a392980d2b6cffa644431898be54b0045151319d1e7ec34f0cfed48767dd334f"
            ],
            "markers": "python_full_version >= '3.7.0'",
            "version": "==23.1"
        },
        "pillow": {
            "hashes": [
                "sha256:07999f5834bdc404c442146942a2ecadd1cb6292f5229f4ed3b31e0a108746b1",
                "sha256:0852ddb76d85f127c135b6dd1f0bb88dbb9ee990d2cd9aa9e28526c93e794fba",
                "sha256:1781a624c229cb35a2ac31cc4a77e28cafc8900733a864870c49bfeedacd106a",
                "sha256:1e7723bd90ef94eda669a3c2c19d549874dd5badaeefabefd26053304abe5799",
                "sha256:229e2c79c00e85989a34b5981a2b67aa079fd08c903f0aaead522a1d68d79e51",
                "sha256:22baf0c3cf0c7f26e82d6e1adf118027afb325e703922c8dfc1d5d0156bb2eeb",
                "sha256:252a03f1bdddce077eff2354c3861bf437c892fb1832f75ce813ee94347aa9b5",
                "sha256:2dfaaf10b6172697b9bceb9a3bd7b951819d1ca339a5ef294d1f1ac6d7f63270",
                "sha256:322724c0032af6692456cd6ed554bb85f8149214d97398bb80613b04e33769f6",
                "sha256:35f6e77122a0c0762268216315bf239cf52b88865bba522999dc38f1c52b9b47",
                "sha256:375f6e5ee9620a271acb6820b3d1e94ffa8e741c0601db4c0c4d3cb0a9c224bf",
                "sha256:3ded42b9ad70e5f1754fb7c2e2d6465a9c842e41d178f262e08b8c85ed8a1d8e",
                "sha256:432b975c009cf649420615388561c0ce7cc31ce9b2e374db659ee4f7d57a1f8b",
                "sha256:482877592e927fd263028c105b36272398e3e1be3269efda09f6ba21fd83ec66",
                "sha256:489f8389261e5ed43ac8ff7b453162af39c3e8abd730af8363587ba64bb2e865",
                "sha256:54f7102ad31a3de5666827526e248c3530b3a33539dbda27c6843d19d72644ec",
                "sha256:560737e70cb9c6255d6dcba3de6578a9e2ec4b573659943a5e7e4af13f298f5c",
                "sha256:5671583eab84af046a397d6d0ba25343c00cd50bce03787948e0fff01d4fd9b1",
                "sha256:5ba1b81ee69573fe7124881762bb4cd2e4b6ed9dd28c9c60a632902fe8db8b38",
                "sha256:5d4ebf8e1db4441a55c509c4baa7a0587a0210f7cd25fcfe74dbbce7a4bd1906",
                "sha256:60037a8db8750e474af7ffc9faa9b5859e6c6d0a50e55c45576bf28be7419705",
                "sha256:608488bdcbdb4ba7837461442b90ea6f3079397ddc968c31265c1e056964f1ef",
                "sha256:6608ff3bf781eee0cd14d0901a2b9cc3d3834516532e3bd673a0a204dc8615fc",
                "sha256:662da1f3f89a302cc22faa9f14a262c2e3951f9dbc9617609a47521c69dd9f8f",
                "sha256:7002d0797a3e4193c7cdee3198d7c14f92c0836d6b4a3f3046a64bd1ce8df2bf",
                "sha256:763782b2e03e45e2c77d7779875f4432e25121ef002a41829d8868700d119392",
                "sha256:77165c4a5e7d5a284f10a6efaa39a0ae8ba839da344f20b111d62cc932fa4e5d",
                "sha256:7c9af5a3b406a50e313467e3565fc99929717f780164fe6fbb7704edba0cebbe",
                "sha256:7ec6f6ce99dab90b52da21cf0dc519e21095e332ff3b399a357c187b1a5eee32",
                "sha256:833b86a98e0ede388fa29363159c9b1a294b0905b5128baf01db683672f230f5",
                "sha256:84a6f19ce086c1bf894644b43cd129702f781ba5751ca8572f08aa40ef0ab7b7",
                "sha256:8507eda3cd0608a1f94f58c64817e83ec12fa93a9436938b191b80d9e4c0fc44",
                "sha256:85ec677246533e27770b0de5cf0f9d6e4ec0c212a1f89dfc941b64b21226009d",
                "sha256:8aca1152d93dcc27dc55395604dcfc55bed5f25ef4c98716a928bacba90d33a3",
                "sha256:8d935f924bbab8f0a9a28404422da8af4904e36d5c33fc6f677e4c4485515625",
                "sha256:8f36397bf3f7d7c6a3abdea815ecf6fd14e7fcd4418ab24bae01008d8d8ca15e",
                "sha256:91ec6fe47b5eb5a9968c79ad9ed78c342b1f97a091677ba0e012701add857829",
                "sha256:965e4a05ef364e7b973dd17fc765f42233415974d773e82144c9bbaaaea5d089",
                "sha256:96e88745a55b88a7c64fa49bceff363a1a27d9a64e04019c2281049444a571e3",
                "sha256:99eb6cafb6ba90e436684e08dad8be1637efb71c4f2180ee6b8f940739406e78",
                "sha256:9adf58f5d64e474bed00d69bcd86ec4bcaa4123bfa70a65ce72e424bfb88ed96",
                "sha256:9b1af95c3a967bf1da94f253e56b6286b50af23392a886720f563c547e48e964",
                "sha256:a0aa9417994d91301056f3d0038af1199eb7adc86e646a36b9e050b06f526597",
                "sha256:a0f9bb6c80e6efcde93ffc51256d5cfb2155ff8f78292f074f60f9e70b942d99",
                "sha256:a127ae76092974abfbfa38ca2d12cbeddcdeac0fb71f9627cc1135bedaf9d51a",
                "sha256:aaf305d6d40bd9632198c766fb64f0c1a83ca5b667f16c1e79e1661ab5060140",
                "sha256:aca1c196f407ec7cf04dcbb15d19a43c507a81f7ffc45b690899d6a76ac9fda7",
                "sha256:ace6ca218308447b9077c14ea4ef381ba0b67ee78d64046b3f19cf4e1139ad16",
                "sha256:b416f03d37d27290cb93597335a2f85ed446731200705b22bb927405320de903",
                "sha256:bf548479d336726d7a0eceb6e767e179fbde37833ae42794602631a070d630f1",
                "sha256:c1170d6b195555644f0616fd6ed929dfcf6333b8675fcca044ae5ab110ded296",
                "sha256:c380b27d041209b849ed246b111b7c166ba36d7933ec6e41175fd15ab9eb1572",
                "sha256:c446d2245ba29820d405315083d55299a796695d747efceb5717a8b450324115",
                "sha256:c830a02caeb789633863b466b9de10c015bded434deb3ec87c768e53752ad22a",
                "sha256:cb841572862f629b99725ebaec3287fc6d275be9b14443ea746c1dd325053cbd",
                "sha256:cfa4561277f677ecf651e2b22dc43e8f5368b74a25a8f7d1d4a3a243e573f2d4",
                "sha256:cfcc2c53c06f2ccb8976fb5c71d448bdd0a07d26d8e07e321c103416444c7ad1",
                "sha256:d3c6b54e304c60c4181da1c9dadf83e4a54fd266a99c70ba646a9baa626819eb",
                "sha256:d3d403753c9d5adc04d4694d35cf0391f0f3d57c8e0030aac09d7678fa8030aa",
                "sha256:d9c206c29b46cfd343ea7cdfe1232443072bbb270d6a46f59c259460db76779a",
                "sha256:e49eb4e95ff6fd7c0c402508894b1ef0e01b99a44320ba7d8ecbabefddcc5569",
                "sha256:f8286396b351785801a976b1e85ea88e937712ee2c3ac653710a4a57a8da5d9c",
                "sha256:f8fc330c3370a81bbf3f88557097d1ea26cd8b019d6433aa59f71195f5ddebbf",
                "sha256:fbd359831c1657d69bb81f0db962905ee05e5e9451913b18b831febfe0519082",
                "sha256:fe7e1c262d3392afcf5071df9afa574544f28eac825284596ac6db56e6d11062",
                "sha256:fed1e1cf6a42577953abbe8e6cf2fe2f566daebde7c34724ec8803c4c0cda579"
            ],
            "markers": "python_full_version >= '3.7.0'",
            "version": "==9.5.0"
        },
        "pytesseract": {
            "hashes": [
                "sha256:7e2bafc7f48d1bb71443ce4633a56f5e21925a98f220a36c336297edcd1956d0",
                "sha256:fecda37d1e4eaf744c657cd03a5daab4eb97c61506ac5550274322c8ae32eca2"
            ],
            "index": "pypi",
            "version": "==0.3.9"
        },
        "regex": {
            "hashes": [
                "sha256:02f4541550459c08fdd6f97aa4e24c6f1932eec780d58a2faa2068253df7d6ff",
                "sha256:0a69cf0c00c4d4a929c6c7717fd918414cab0d6132a49a6d8fc3ded1988ed2ea",
                "sha256:0bbd5dcb19603ab8d2781fac60114fb89aee8494f4505ae7ad141a3314abb1f9",
                "sha256:10250a093741ec7bf74bcd2039e697f519b028518f605ff2aa7ac1e9c9f97423",
                "sha256:10374c84ee58c44575b667310d5bbfa89fb2e64e52349720a0182c0017512f6c",
                "sha256:1189fbbb21e2c117fda5303653b61905aeeeea23de4a94d400b0487eb16d2d60",
                "sha256:1307aa4daa1cbb23823d8238e1f61292fd07e4e5d8d38a6efff00b67a7cdb764",
                "sha256:144b5b017646b5a9392a5554a1e5db0000ae637be4971c9747566775fc96e1b2",
                "sha256:171c52e320fe29260da550d81c6b99f6f8402450dc7777ef5ced2e848f3b6f8f",
                "sha256:18196c16a584619c7c1d843497c069955d7629ad4a3fdee240eb347f4a2c9dbe",
                "sha256:18f05d14f14a812fe9723f13afafefe6b74ca042d99f8884e62dbd34dcccf3e2",
                "sha256:1ecf3dcff71f0c0fe3e555201cbe749fa66aae8d18f80d2cc4de8e66df37390a",
                "sha256:21e90a288e6ba4bf44c25c6a946cb9b0f00b73044d74308b5e0afd190338297c",
                "sha256:23d86ad2121b3c4fc78c58f95e19173790e22ac05996df69b84e12da5816cb17",
                "sha256:256f7f4c6ba145f62f7a441a003c94b8b1af78cee2cccacfc1e835f93bc09426",
                "sha256:290fd35219486dfbc00b0de72f455ecdd63e59b528991a6aec9fdfc0ce85672e",
                "sha256:2e9c4f778514a560a9c9aa8e5538bee759b55f6c1dcd35613ad72523fd9175b8",
                "sha256:338994d3d4ca4cf12f09822e025731a5bdd3a37aaa571fa52659e85ca793fb67",
                "sha256:33d430a23b661629661f1fe8395be2004006bc792bb9fc7c53911d661b69dd7e",
                "sha256:385992d5ecf1a93cb85adff2f73e0402dd9ac29b71b7006d342cc920816e6f32",
                "sha256:3d45864693351c15531f7e76f545ec35000d50848daa833cead96edae1665559",
                "sha256:40005cbd383438aecf715a7b47fe1e3dcbc889a36461ed416bdec07e0ef1db66",
                "sha256:4035d6945cb961c90c3e1c1ca2feb526175bcfed44dfb1cc77db4fdced060d3e",
                "sha256:445d6f4fc3bd9fc2bf0416164454f90acab8858cd5a041403d7a11e3356980e8",
                "sha256:48c9ec56579d4ba1c88f42302194b8ae2350265cb60c64b7b9a88dcb7fbde309",
                "sha256:4a5059bd585e9e9504ef9c07e4bc15b0a621ba20504388875d66b8b30a5c4d18",
                "sha256:4a6e4b0e0531223f53bad07ddf733af490ba2b8367f62342b92b39b29f72735a",
                "sha256:4b870b6f632fc74941cadc2a0f3064ed8409e6f8ee226cdfd2a85ae50473aa94",
                "sha256:50fd2d9b36938d4dcecbd684777dd12a407add4f9f934f235c66372e630772b0",
                "sha256:53e22e4460f0245b468ee645156a4f84d0fc35a12d9ba79bd7d79bdcd2f9629d",
                "sha256:586a011f77f8a2da4b888774174cd266e69e917a67ba072c7fc0e91878178a80",
                "sha256:59597cd6315d3439ed4b074febe84a439c33928dd34396941b4d377692eca810",
                "sha256:59e4b729eae1a0919f9e4c0fc635fbcc9db59c74ad98d684f4877be3d2607dd6",
                "sha256:5a0f874ee8c0bc820e649c900243c6d1e6dc435b81da1492046716f14f1a2a96",
                "sha256:5ac2b7d341dc1bd102be849d6dd33b09701223a851105b2754339e390be0627a",
                "sha256:5e3f4468b8c6fd2fd33c218bbd0a1559e6a6fcf185af8bb0cc43f3b5bfb7d636",
                "sha256:6164d4e2a82f9ebd7752a06bd6c504791bedc6418c0196cd0a23afb7f3e12b2d",
                "sha256:6893544e06bae009916a5658ce7207e26ed17385149f35a3125f5259951f1bbe",
                "sha256:690a17db524ee6ac4a27efc5406530dd90e7a7a69d8360235323d0e5dafb8f5b",
                "sha256:6b8d0c153f07a953636b9cdb3011b733cadd4178123ef728ccc4d5969e67f3c2",
                "sha256:72a28979cc667e5f82ef433db009184e7ac277844eea0f7f4d254b789517941d",
                "sha256:72aa4746993a28c841e05889f3f1b1e5d14df8d3daa157d6001a34c98102b393",
                "sha256:732176f5427e72fa2325b05c58ad0b45af341c459910d766f814b0584ac1f9ac",
                "sha256:7918a1b83dd70dc04ab5ed24c78ae833ae8ea228cef84e08597c408286edc926",
                "sha256:7923470d6056a9590247ff729c05e8e0f06bbd4efa6569c916943cb2d9b68b91",
                "sha256:7d76a8a1fc9da08296462a18f16620ba73bcbf5909e42383b253ef34d9d5141e",
                "sha256:811040d7f3dd9c55eb0d8b00b5dcb7fd9ae1761c454f444fd9f37fe5ec57143a",
                "sha256:821a88b878b6589c5068f4cc2cfeb2c64e343a196bc9d7ac68ea8c2a776acd46",
                "sha256:84397d3f750d153ebd7f958efaa92b45fea170200e2df5e0e1fd4d85b7e3f58a",
                "sha256:844671c9c1150fcdac46d43198364034b961bd520f2c4fdaabfc7c7d7138a2dd",
                "sha256:890a09cb0a62198bff92eda98b2b507305dd3abf974778bae3287f98b48907d3",
                "sha256:8f08276466fedb9e36e5193a96cb944928301152879ec20c2d723d1031cd4ddd",
                "sha256:8f5e06df94fff8c4c85f98c6487f6636848e1dc85ce17ab7d1931df4a081f657",
                "sha256:921473a93bcea4d00295799ab929522fc650e85c6b9f27ae1e6bb32a790ea7d3",
                "sha256:941b3f1b2392f0bcd6abf1bc7a322787d6db4e7457be6d1ffd3a693426a755f2",
                "sha256:9b320677521aabf666cdd6e99baee4fb5ac3996349c3b7f8e7c4eee1c00dfe3a",
                "sha256:9c3efee9bb53cbe7b285760c81f28ac80dc15fa48b5fe7e58b52752e642553f1",
                "sha256:9fda3e50abad8d0f48df621cf75adc73c63f7243cbe0e3b2171392b445401550",
                "sha256:a4c5da39bca4f7979eefcbb36efea04471cd68db2d38fcbb4ee2c6d440699833",
                "sha256:a56c18f21ac98209da9c54ae3ebb3b6f6e772038681d6cb43b8d53da3b09ee81",
                "sha256:a623564d810e7a953ff1357f7799c14bc9beeab699aacc8b7ab7822da1e952b8",
                "sha256:a8906669b03c63266b6a7693d1f487b02647beb12adea20f8840c1a087e2dfb5",
                "sha256:a99757ad7fe5c8a2bb44829fc57ced11253e10f462233c1255fe03888e06bc19",
                "sha256:aa7d032c1d84726aa9edeb6accf079b4caa87151ca9fabacef31fa028186c66d",
                "sha256:aad5524c2aedaf9aa14ef1bc9327f8abd915699dea457d339bebbe2f0d218f86",
                "sha256:afb1c70ec1e594a547f38ad6bf5e3d60304ce7539e677c1429eebab115bce56e",
                "sha256:b6365703e8cf1644b82104cdd05270d1a9f043119a168d66c55684b1b557d008",
                "sha256:b8b942d8b3ce765dbc3b1dad0a944712a89b5de290ce8f72681e22b3c55f3cc8",
                "sha256:ba73a14e9c8f9ac409863543cde3290dba39098fc261f717dc337ea72d3ebad2",
                "sha256:bd7b68fd2e79d59d86dcbc1ccd6e2ca09c505343445daaa4e07f43c8a9cc34da",
                "sha256:bd966475e963122ee0a7118ec9024388c602d12ac72860f6eea119a3928be053",
                "sha256:c2ce65bdeaf0a386bb3b533a28de3994e8e13b464ac15e1e67e4603dd88787fa",
                "sha256:c64d5abe91a3dfe5ff250c6bb267ef00dbc01501518225b45a5f9def458f31fb",
                "sha256:c8c143a65ce3ca42e54d8e6fcaf465b6b672ed1c6c90022794a802fb93105d22",
                "sha256:cd46f30e758629c3ee91713529cfbe107ac50d27110fdcc326a42ce2acf4dafc",
                "sha256:ced02e3bd55e16e89c08bbc8128cff0884d96e7f7a5633d3dc366b6d95fcd1d6",
                "sha256:cf123225945aa58b3057d0fba67e8061c62d14cc8a4202630f8057df70189051",
                "sha256:d19e57f888b00cd04fc38f5e18d0efbd91ccba2d45039453ab2236e6eec48d4d",
                "sha256:d1cbe6b5be3b9b698d8cc4ee4dee7e017ad655e83361cd0ea8e653d65e469468",
                "sha256:db09e6c18977a33fea26fe67b7a842f706c67cf8bda1450974d0ae0dd63570df",
                "sha256:de2f780c3242ea114dd01f84848655356af4dd561501896c751d7b885ea6d3a1",
                "sha256:e2205a81f815b5bb17e46e74cc946c575b484e5f0acfcb805fb252d67e22938d",
                "sha256:e645c757183ee0e13f0bbe56508598e2d9cd42b8abc6c0599d53b0d0b8dd1479",
                "sha256:f2910502f718828cecc8beff004917dcf577fc5f8f5dd40ffb1ea7612124547b",
                "sha256:f764e4dfafa288e2eba21231f455d209f4709436baeebb05bdecfb5d8ddc3d35",
                "sha256:f83fe9e10f9d0b6cf580564d4d23845b9d692e4c91bd8be57733958e4c602956",
                "sha256:fb2b495dd94b02de8215625948132cc2ea360ae84fe6634cd19b6567709c8ae2",
                "sha256:fee0016cc35a8a91e8cc9312ab26a6fe638d484131a7afa79e1ce6165328a135"
            ],
            "markers": "python_version >= '3.6'",
            "version": "==2023.5.5"
        },
        "requests": {
            "hashes": [
                "sha256:58cd2187c01e70e6e26505bca751777aa9f2ee0b7f4300988b709f44e013003f",
                "sha256:942c5a758f98d790eaed1a29cb6eefc7ffb0d1cf7af05c3d2791656dbd6ad1e1"
            ],
            "index": "pypi",
            "version": "==2.31.0"
        },
        "segtok": {
            "hashes": [
                "sha256:8ab2dd44245bcbfec25b575dc4618473bbdf2af8c2649698cd5a370f42f3db23",
                "sha256:910616b76198c3141b2772df530270d3b706e42ae69a5b30ef115c7bd5d1501a"
            ],
            "version": "==1.5.11"
        },
        "six": {
            "hashes": [
                "sha256:1e61c37477a1626458e36f7b1d82aa5c9b094fa4802892072e49de9c60c4c926",
                "sha256:8abb2f1d86890a2dfb989f9a77cfcfd3e47c2a354b01111771326f8aa26e0254"
            ],
            "markers": "python_version >= '2.7' and python_version not in '3.0, 3.1, 3.2, 3.3'",
            "version": "==1.16.0"
        },
        "tabulate": {
            "hashes": [
                "sha256:0095b12bf5966de529c0feb1fa08671671b3368eec77d7ef7ab114be2c068b3c",
                "sha256:024ca478df22e9340661486f85298cff5f6dcdba14f3813e8830015b9ed1948f"
            ],
            "markers": "python_full_version >= '3.7.0'",
            "version": "==0.9.0"
        },
        "urllib3": {
            "hashes": [
                "sha256:61717a1095d7e155cdb737ac7bb2f4324a858a1e2e6466f6d03ff630ca68d3cc",
                "sha256:d055c2f9d38dc53c808f6fdc8eab7360b6fdbbde02340ed25cfbcd817c62469e"
            ],
            "markers": "python_full_version >= '3.7.0'",
            "version": "==2.0.2"
        },
        "yake": {
            "hashes": [
                "sha256:859f379ac49ca204a0bc1527217f937321e87b68287f81db9700fc1039fd529a",
                "sha256:d46793266826468b4aecb668c51e677b7bc304f1bd3a15e100e324852ec5a0c3"
            ],
            "index": "pypi",
            "version": "==0.4.8"
        }
    },
    "develop": {}
}
