{
    "_meta": {
        "hash": {
            "sha256": "4ff95fb429ad015f3129c4afa7f56d16a269e81cd9c609672accd45a35903a61"
        },
        "pipfile-spec": 6,
        "requires": {
            "python_version": "3.9"
        },
        "sources": [
            {
                "name": "pypi",
                "url": "https://pypi.org/simple",
                "verify_ssl": true
            }
        ]
    },
    "default": {
        "certifi": {
            "hashes": [
                "sha256:539cc1d13202e33ca466e88b2807e29f4c13049d6d87031a3c110744495cb082",
                "sha256:92d6037539857d8206b8f6ae472e8b77db8058fec5937a1ef3f54304089edbb9"
            ],
            "markers": "python_version >= '3.6'",
            "version": "==2023.7.22"
        },
        "charset-normalizer": {
            "hashes": [
                "sha256:02673e456dc5ab13659f85196c534dc596d4ef260e4d86e856c3b2773ce09843",
                "sha256:02af06682e3590ab952599fbadac535ede5d60d78848e555aa58d0c0abbde786",
                "sha256:03680bb39035fbcffe828eae9c3f8afc0428c91d38e7d61aa992ef7a59fb120e",
                "sha256:0570d21da019941634a531444364f2482e8db0b3425fcd5ac0c36565a64142c8",
                "sha256:09c77f964f351a7369cc343911e0df63e762e42bac24cd7d18525961c81754f4",
                "sha256:0d3d5b7db9ed8a2b11a774db2bbea7ba1884430a205dbd54a32d61d7c2a190fa",
                "sha256:1063da2c85b95f2d1a430f1c33b55c9c17ffaf5e612e10aeaad641c55a9e2b9d",
                "sha256:12ebea541c44fdc88ccb794a13fe861cc5e35d64ed689513a5c03d05b53b7c82",
                "sha256:153e7b6e724761741e0974fc4dcd406d35ba70b92bfe3fedcb497226c93b9da7",
                "sha256:15b26ddf78d57f1d143bdf32e820fd8935d36abe8a25eb9ec0b5a71c82eb3895",
                "sha256:1872d01ac8c618a8da634e232f24793883d6e456a66593135aeafe3784b0848d",
                "sha256:187d18082694a29005ba2944c882344b6748d5be69e3a89bf3cc9d878e548d5a",
                "sha256:1b2919306936ac6efb3aed1fbf81039f7087ddadb3160882a57ee2ff74fd2382",
                "sha256:232ac332403e37e4a03d209a3f92ed9071f7d3dbda70e2a5e9cff1c4ba9f0678",
                "sha256:23e8565ab7ff33218530bc817922fae827420f143479b753104ab801145b1d5b",
                "sha256:24817cb02cbef7cd499f7c9a2735286b4782bd47a5b3516a0e84c50eab44b98e",
                "sha256:249c6470a2b60935bafd1d1d13cd613f8cd8388d53461c67397ee6a0f5dce741",
                "sha256:24a91a981f185721542a0b7c92e9054b7ab4fea0508a795846bc5b0abf8118d4",
                "sha256:2502dd2a736c879c0f0d3e2161e74d9907231e25d35794584b1ca5284e43f596",
                "sha256:250c9eb0f4600361dd80d46112213dff2286231d92d3e52af1e5a6083d10cad9",
                "sha256:278c296c6f96fa686d74eb449ea1697f3c03dc28b75f873b65b5201806346a69",
                "sha256:2935ffc78db9645cb2086c2f8f4cfd23d9b73cc0dc80334bc30aac6f03f68f8c",
                "sha256:2f4a0033ce9a76e391542c182f0d48d084855b5fcba5010f707c8e8c34663d77",
                "sha256:30a85aed0b864ac88309b7d94be09f6046c834ef60762a8833b660139cfbad13",
                "sha256:380c4bde80bce25c6e4f77b19386f5ec9db230df9f2f2ac1e5ad7af2caa70459",
                "sha256:3ae38d325b512f63f8da31f826e6cb6c367336f95e418137286ba362925c877e",
                "sha256:3b447982ad46348c02cb90d230b75ac34e9886273df3a93eec0539308a6296d7",
                "sha256:3debd1150027933210c2fc321527c2299118aa929c2f5a0a80ab6953e3bd1908",
                "sha256:4162918ef3098851fcd8a628bf9b6a98d10c380725df9e04caf5ca6dd48c847a",
                "sha256:468d2a840567b13a590e67dd276c570f8de00ed767ecc611994c301d0f8c014f",
                "sha256:4cc152c5dd831641e995764f9f0b6589519f6f5123258ccaca8c6d34572fefa8",
                "sha256:542da1178c1c6af8873e143910e2269add130a299c9106eef2594e15dae5e482",
                "sha256:557b21a44ceac6c6b9773bc65aa1b4cc3e248a5ad2f5b914b91579a32e22204d",
                "sha256:5707a746c6083a3a74b46b3a631d78d129edab06195a92a8ece755aac25a3f3d",
                "sha256:588245972aca710b5b68802c8cad9edaa98589b1b42ad2b53accd6910dad3545",
                "sha256:5adf257bd58c1b8632046bbe43ee38c04e1038e9d37de9c57a94d6bd6ce5da34",
                "sha256:619d1c96099be5823db34fe89e2582b336b5b074a7f47f819d6b3a57ff7bdb86",
                "sha256:63563193aec44bce707e0c5ca64ff69fa72ed7cf34ce6e11d5127555756fd2f6",
                "sha256:67b8cc9574bb518ec76dc8e705d4c39ae78bb96237cb533edac149352c1f39fe",
                "sha256:6a685067d05e46641d5d1623d7c7fdf15a357546cbb2f71b0ebde91b175ffc3e",
                "sha256:70f1d09c0d7748b73290b29219e854b3207aea922f839437870d8cc2168e31cc",
                "sha256:750b446b2ffce1739e8578576092179160f6d26bd5e23eb1789c4d64d5af7dc7",
                "sha256:7966951325782121e67c81299a031f4c115615e68046f79b85856b86ebffc4cd",
                "sha256:7b8b8bf1189b3ba9b8de5c8db4d541b406611a71a955bbbd7385bbc45fcb786c",
                "sha256:7f5d10bae5d78e4551b7be7a9b29643a95aded9d0f602aa2ba584f0388e7a557",
                "sha256:805dfea4ca10411a5296bcc75638017215a93ffb584c9e344731eef0dcfb026a",
                "sha256:81bf654678e575403736b85ba3a7867e31c2c30a69bc57fe88e3ace52fb17b89",
                "sha256:82eb849f085624f6a607538ee7b83a6d8126df6d2f7d3b319cb837b289123078",
                "sha256:85a32721ddde63c9df9ebb0d2045b9691d9750cb139c161c80e500d210f5e26e",
                "sha256:86d1f65ac145e2c9ed71d8ffb1905e9bba3a91ae29ba55b4c46ae6fc31d7c0d4",
                "sha256:86f63face3a527284f7bb8a9d4f78988e3c06823f7bea2bd6f0e0e9298ca0403",
                "sha256:8eaf82f0eccd1505cf39a45a6bd0a8cf1c70dcfc30dba338207a969d91b965c0",
                "sha256:93aa7eef6ee71c629b51ef873991d6911b906d7312c6e8e99790c0f33c576f89",
                "sha256:96c2b49eb6a72c0e4991d62406e365d87067ca14c1a729a870d22354e6f68115",
                "sha256:9cf3126b85822c4e53aa28c7ec9869b924d6fcfb76e77a45c44b83d91afd74f9",
                "sha256:9fe359b2e3a7729010060fbca442ca225280c16e923b37db0e955ac2a2b72a05",
                "sha256:a0ac5e7015a5920cfce654c06618ec40c33e12801711da6b4258af59a8eff00a",
                "sha256:a3f93dab657839dfa61025056606600a11d0b696d79386f974e459a3fbc568ec",
                "sha256:a4b71f4d1765639372a3b32d2638197f5cd5221b19531f9245fcc9ee62d38f56",
                "sha256:aae32c93e0f64469f74ccc730a7cb21c7610af3a775157e50bbd38f816536b38",
                "sha256:aaf7b34c5bc56b38c931a54f7952f1ff0ae77a2e82496583b247f7c969eb1479",
                "sha256:abecce40dfebbfa6abf8e324e1860092eeca6f7375c8c4e655a8afb61af58f2c",
                "sha256:abf0d9f45ea5fb95051c8bfe43cb40cda383772f7e5023a83cc481ca2604d74e",
                "sha256:ac71b2977fb90c35d41c9453116e283fac47bb9096ad917b8819ca8b943abecd",
                "sha256:ada214c6fa40f8d800e575de6b91a40d0548139e5dc457d2ebb61470abf50186",
                "sha256:b09719a17a2301178fac4470d54b1680b18a5048b481cb8890e1ef820cb80455",
                "sha256:b1121de0e9d6e6ca08289583d7491e7fcb18a439305b34a30b20d8215922d43c",
                "sha256:b3b2316b25644b23b54a6f6401074cebcecd1244c0b8e80111c9a3f1c8e83d65",
                "sha256:b3d9b48ee6e3967b7901c052b670c7dda6deb812c309439adaffdec55c6d7b78",
                "sha256:b5bcf60a228acae568e9911f410f9d9e0d43197d030ae5799e20dca8df588287",
                "sha256:b8f3307af845803fb0b060ab76cf6dd3a13adc15b6b451f54281d25911eb92df",
                "sha256:c2af80fb58f0f24b3f3adcb9148e6203fa67dd3f61c4af146ecad033024dde43",
                "sha256:c350354efb159b8767a6244c166f66e67506e06c8924ed74669b2c70bc8735b1",
                "sha256:c5a74c359b2d47d26cdbbc7845e9662d6b08a1e915eb015d044729e92e7050b7",
                "sha256:c71f16da1ed8949774ef79f4a0260d28b83b3a50c6576f8f4f0288d109777989",
                "sha256:d47ecf253780c90ee181d4d871cd655a789da937454045b17b5798da9393901a",
                "sha256:d7eff0f27edc5afa9e405f7165f85a6d782d308f3b6b9d96016c010597958e63",
                "sha256:d97d85fa63f315a8bdaba2af9a6a686e0eceab77b3089af45133252618e70884",
                "sha256:db756e48f9c5c607b5e33dd36b1d5872d0422e960145b08ab0ec7fd420e9d649",
                "sha256:dc45229747b67ffc441b3de2f3ae5e62877a282ea828a5bdb67883c4ee4a8810",
                "sha256:e0fc42822278451bc13a2e8626cf2218ba570f27856b536e00cfa53099724828",
                "sha256:e39c7eb31e3f5b1f88caff88bcff1b7f8334975b46f6ac6e9fc725d829bc35d4",
                "sha256:e46cd37076971c1040fc8c41273a8b3e2c624ce4f2be3f5dfcb7a430c1d3acc2",
                "sha256:e5c1502d4ace69a179305abb3f0bb6141cbe4714bc9b31d427329a95acfc8bdd",
                "sha256:edfe077ab09442d4ef3c52cb1f9dab89bff02f4524afc0acf2d46be17dc479f5",
                "sha256:effe5406c9bd748a871dbcaf3ac69167c38d72db8c9baf3ff954c344f31c4cbe",
                "sha256:f0d1e3732768fecb052d90d62b220af62ead5748ac51ef61e7b32c266cac9293",
                "sha256:f5969baeaea61c97efa706b9b107dcba02784b1601c74ac84f2a532ea079403e",
                "sha256:f8888e31e3a85943743f8fc15e71536bda1c81d5aa36d014a3c0c44481d7db6e",
                "sha256:fc52b79d83a3fe3a360902d3f5d79073a993597d48114c29485e9431092905d8"
            ],
            "markers": "python_full_version >= '3.7.0'",
            "version": "==3.3.0"
        },
        "click": {
            "hashes": [
                "sha256:ae74fb96c20a0277a1d615f1e4d73c8414f5a98db8b799a7931d1582f3390c28",
                "sha256:ca9853ad459e787e2192211578cc907e7594e294c7ccc834310722b41b9ca6de"
            ],
            "markers": "python_version >= '3.7'",
            "version": "==8.1.7"
        },
        "idna": {
            "hashes": [
                "sha256:814f528e8dead7d329833b91c5faa87d60bf71824cd12a7530b5526063d02cb4",
                "sha256:90b77e79eaa3eba6de819a0c442c0b4ceefc341a7a2ab77d7562bf49f425c5c2"
            ],
            "markers": "python_version >= '3.5'",
            "version": "==3.4"
        },
        "jellyfish": {
            "hashes": [
                "sha256:0433e99e94b6e13bc8af3236c6a80ccf70d75fd25eecb692022aa7f3efb3c0ec",
                "sha256:05d89204cfb45ca0fb0a5e8eb8a74ed11440dce22c40bf48568b6e5128cbda34",
                "sha256:067c0360576542f48dec9c61575e594589be22614a453085ed5f393a934085ac",
                "sha256:08bb36564b076a063c61a531fac1b5e2b07ecab9873df4d67c3d72460c79b127",
                "sha256:0b0051d2105ff76a87950cd8604b3f964fef4e6d0b83f9832e920835826436c7",
                "sha256:0fb0a463fc40d6b885f5cfcdb1638d6b096a56053e02819db37f16121ae831e6",
                "sha256:29a736569aec9e2c96f7e3b3ba16f4309f538867c947a436f1f0a7932fe6cb46",
                "sha256:2da658184d12a9a1ee1173f3c253ff4e8add8846cbc98e0d3d97ab36033db902",
                "sha256:319b72b1cc43835010ddb8184f0d06eeda5520a815ec6848dbf1ca74a897e734",
                "sha256:31b3def6f80ec1c63a91bf14e3083bf7f081ef1661dfaa5a91d29aafc9a519f6",
                "sha256:3e9f74a3c85951f753be932a6eb3b226436dcfaa655893b6030cd5f49f09096a",
                "sha256:44329a8a7687d0d8fb6f4389f78b4d6a7cf8e3b683ff5e0e0ce10bb260c0a5fa",
                "sha256:47190758ed11de7206fe7eae4ddb51616ad3e5ffb624dd90b96fe29d179383a1",
                "sha256:483c4655ef908b1b5c2c52d97c839f383d4ed3471553b1e9c6f7337b5875f896",
                "sha256:48483138cdbac8b06250ac36e5d27dc7145511ebec3c9232e3d56e676f69415d",
                "sha256:486117a0158263ecec9ea54071c25819253bd4ec0d325752b2dc5830b04c7d0e",
                "sha256:4dfb477ecc9b5b878a4f7f8d8e6a932d73ddf10b2c0fcbbe3a7d8d40426f0297",
                "sha256:56ae9c53ced7c26917cd9de346688baff7303898d3917355d920de15d7aedea4",
                "sha256:56ed38d549bb59718f8b5e17645e514d6bf8c633d72f70839fee1eab1484b630",
                "sha256:57b2e7c452581450c3550373393714ebcf5c2dc445d5744ec74846648c140aee",
                "sha256:595a74dcd06814b0e62e7a5d3c6a349f5e552697f50549bbd49a86f7ea093b80",
                "sha256:5d8db82b194768ca82b74d860ed5739a70737b96c572735e25bea00ef00e01f8",
                "sha256:5e916c119e32ac66abe18d9112d2a31b439dff7125b648671e4bf12f46b04205",
                "sha256:5f1fbe4a3ee9f0a76ab88a269e2577ef7815fcaa5960e6a2015b50fcbdee5676",
                "sha256:652f5a3526132ea092209402d28274b1027777aeb4257fd87a3b7fca5832bae3",
                "sha256:69f6b5f89383705834877b86100cf5a49c985a200076524b1c24ceb9e25916e5",
                "sha256:6be50a09ca528af4c3d197160eb90fe68cc1e76dff316770f0dc092b1ce8543b",
                "sha256:74d766394d7148a3cd177cb046592b6e2f3c9ee6a245791bd5454369e6dc7f8a",
                "sha256:77e827f06861ddabeb147f352ef3848e686666098d76b2e41466a7d8d84c9606",
                "sha256:78334b1f8240a6a6f09efa8255e83ff5e8d2318e7e3e922f9bbfb3f5256d9404",
                "sha256:784fcc444d74a13595b7f9e18989470d2f8456b1d5ba95a82b2099d7fe0a0918",
                "sha256:7aae0205a3d2d20f4175139126c2e7c79b541fa14daab264508b4308546d779f",
                "sha256:7b7a471e00c7410362617363fc59d534e400aed40b6b740580d3e7a852e91571",
                "sha256:87a9755a393f9233d7a9afe6c5bd5b5c1910c3c2832ba8562bc4a694b481408a",
                "sha256:8e6826e9274a790504e252c94e0c21c79b82398b837a3a3275d5528d3b6144ee",
                "sha256:960b621e234abbf9c612448ce4c99055fd71c7ff8ae722bdae28d927fbe1a59e",
                "sha256:9a15a391e21e0d7055de04720c95fbbb5ae184a3c87ef079688d456ce51d3cef",
                "sha256:9a5a8fa58e70ad8e9c112fd09f7f9c3581a7fe3b5dba5a4094aaaa91125f854d",
                "sha256:ac72ccbb6798816f953e0b4f2452db59d560c0e74be36c58524246861b2b1978",
                "sha256:ad21cf68d3c7989cb98c40a41e200a00bf03097550c44f87488e7db61b8341e6",
                "sha256:b26c2bc4cdd6aaaae74b3aa63f2c9c60ac1b07e89d499732698e12f3aa7fc434",
                "sha256:bbf7bc3674e616f1dee4430a78faf6c6d6b2eb47d86deed834cd93668a1a7cb4",
                "sha256:bdb20cb00f7a2051f46676625cc0a00cb2395c5eb31aa462e3f3f1706a07d5d7",
                "sha256:c7a50dbcbf36326bfd93b40b967978c9628b9089f9c278d0b77a37db600815a8",
                "sha256:c8b3ad146420556cb1286b9b96d3cf628e59ca4639ba6a060b0934c16f2376b1",
                "sha256:cb398256f4bf2ae5604266f22783070d02e920da2c7f7dff52a6f21ea332f266",
                "sha256:cf4757b15e257b44d0942ec9c1582b793b7e2e8f4c499a73ed196ad08cdffef8",
                "sha256:d4000d6d4cf5abf1fbd354948be4647a593864a542dc6c3c5622af63465af7d8",
                "sha256:dde61fc6f8927064acf2b8699207baa1294f60b517e61f523617e78d5c957cba",
                "sha256:ef9e13b75382fe504d77e48c13adb963f27206ef93f74d3bc634bef70afb3427",
                "sha256:f388a539fb3c4742f2bc96d014abc208e4b4ccaa36e4778c8ac03c04e45b5be4",
                "sha256:f664520189e3ae16e0b5fee21f19d15c8926e2320fd195ccc65d96390d9e9689",
                "sha256:f83a3d42808d682f74619f63afe23284e3d80f9fc4912ed868b21671c9d124b2",
                "sha256:fd50e1bff0ada0faa3d76c844c91ea7159737c689f1afbb32a3e0e767d5f334d"
            ],
            "markers": "python_version >= '3.7'",
            "version": "==1.0.1"
        },
        "langdetect": {
            "hashes": [
                "sha256:7cbc0746252f19e76f77c0b1690aadf01963be835ef0cd4b56dddf2a8f1dfc2a",
                "sha256:cbc1fef89f8d062739774bd51eda3da3274006b3661d199c2655f6b3f6d605a0"
            ],
            "index": "pypi",
            "version": "==1.0.9"
        },
        "networkx": {
            "hashes": [
                "sha256:4f33f68cb2afcf86f28a45f43efc27a9386b535d567d2127f8f61d51dec58d36",
                "sha256:de346335408f84de0eada6ff9fafafff9bcda11f0a0dfaa931133debb146ab61"
            ],
            "markers": "python_version >= '3.8'",
            "version": "==3.1"
        },
        "numpy": {
            "hashes": [
                "sha256:020cdbee66ed46b671429c7265cf00d8ac91c046901c55684954c3958525dab2",
                "sha256:0621f7daf973d34d18b4e4bafb210bbaf1ef5e0100b5fa750bd9cde84c7ac292",
                "sha256:0792824ce2f7ea0c82ed2e4fecc29bb86bee0567a080dacaf2e0a01fe7654369",
                "sha256:09aaee96c2cbdea95de76ecb8a586cb687d281c881f5f17bfc0fb7f5890f6b91",
                "sha256:166b36197e9debc4e384e9c652ba60c0bacc216d0fc89e78f973a9760b503388",
                "sha256:186ba67fad3c60dbe8a3abff3b67a91351100f2661c8e2a80364ae6279720299",
                "sha256:306545e234503a24fe9ae95ebf84d25cba1fdc27db971aa2d9f1ab6bba19a9dd",
                "sha256:436c8e9a4bdeeee84e3e59614d38c3dbd3235838a877af8c211cfcac8a80b8d3",
                "sha256:4a873a8180479bc829313e8d9798d5234dfacfc2e8a7ac188418189bb8eafbd2",
                "sha256:4acc65dd65da28060e206c8f27a573455ed724e6179941edb19f97e58161bb69",
                "sha256:51be5f8c349fdd1a5568e72713a21f518e7d6707bcf8503b528b88d33b57dc68",
                "sha256:546b7dd7e22f3c6861463bebb000646fa730e55df5ee4a0224408b5694cc6148",
                "sha256:5671338034b820c8d58c81ad1dafc0ed5a00771a82fccc71d6438df00302094b",
                "sha256:637c58b468a69869258b8ae26f4a4c6ff8abffd4a8334c830ffb63e0feefe99a",
                "sha256:767254ad364991ccfc4d81b8152912e53e103ec192d1bb4ea6b1f5a7117040be",
                "sha256:7d484292eaeb3e84a51432a94f53578689ffdea3f90e10c8b203a99be5af57d8",
                "sha256:7f6bad22a791226d0a5c7c27a80a20e11cfe09ad5ef9084d4d3fc4a299cca505",
                "sha256:86f737708b366c36b76e953c46ba5827d8c27b7a8c9d0f471810728e5a2fe57c",
                "sha256:8c6adc33561bd1d46f81131d5352348350fc23df4d742bb246cdfca606ea1208",
                "sha256:914b28d3215e0c721dc75db3ad6d62f51f630cb0c277e6b3bcb39519bed10bd8",
                "sha256:b44e6a09afc12952a7d2a58ca0a2429ee0d49a4f89d83a0a11052da696440e49",
                "sha256:bb0d9a1aaf5f1cb7967320e80690a1d7ff69f1d47ebc5a9bea013e3a21faec95",
                "sha256:c0b45c8b65b79337dee5134d038346d30e109e9e2e9d43464a2970e5c0e93229",
                "sha256:c2e698cb0c6dda9372ea98a0344245ee65bdc1c9dd939cceed6bb91256837896",
                "sha256:c78a22e95182fb2e7874712433eaa610478a3caf86f28c621708d35fa4fd6e7f",
                "sha256:e062aa24638bb5018b7841977c360d2f5917268d125c833a686b7cbabbec496c",
                "sha256:e5e18e5b14a7560d8acf1c596688f4dfd19b4f2945b245a71e5af4ddb7422feb",
                "sha256:eae430ecf5794cb7ae7fa3808740b015aa80747e5266153128ef055975a72b99",
                "sha256:ee84ca3c58fe48b8ddafdeb1db87388dce2c3c3f701bf447b05e4cfcc3679112",
                "sha256:f042f66d0b4ae6d48e70e28d487376204d3cbf43b84c03bac57e28dac6151581",
                "sha256:f8db2f125746e44dce707dd44d4f4efeea8d7e2b43aace3f8d1f235cfa2733dd",
                "sha256:f93fc78fe8bf15afe2b8d6b6499f1c73953169fad1e9a8dd086cdff3190e7fdf"
            ],
            "markers": "python_version < '3.13' and python_version >= '3.9'",
            "version": "==1.26.0"
        },
        "packaging": {
            "hashes": [
                "sha256:048fb0e9405036518eaaf48a55953c750c11e1a1b68e0dd1a9d62ed0c092cfc5",
                "sha256:8c491190033a9af7e1d931d0b5dacc2ef47509b34dd0de67ed209b5203fc88c7"
            ],
            "markers": "python_version >= '3.7'",
            "version": "==23.2"
        },
        "pillow": {
            "hashes": [
                "sha256:0462b1496505a3462d0f35dc1c4d7b54069747d65d00ef48e736acda2c8cbdff",
                "sha256:186f7e04248103482ea6354af6d5bcedb62941ee08f7f788a1c7707bc720c66f",
                "sha256:19e9adb3f22d4c416e7cd79b01375b17159d6990003633ff1d8377e21b7f1b21",
                "sha256:28444cb6ad49726127d6b340217f0627abc8732f1194fd5352dec5e6a0105635",
                "sha256:2872f2d7846cf39b3dbff64bc1104cc48c76145854256451d33c5faa55c04d1a",
                "sha256:2cc6b86ece42a11f16f55fe8903595eff2b25e0358dec635d0a701ac9586588f",
                "sha256:2d7e91b4379f7a76b31c2dda84ab9e20c6220488e50f7822e59dac36b0cd92b1",
                "sha256:2fa6dd2661838c66f1a5473f3b49ab610c98a128fc08afbe81b91a1f0bf8c51d",
                "sha256:32bec7423cdf25c9038fef614a853c9d25c07590e1a870ed471f47fb80b244db",
                "sha256:3855447d98cced8670aaa63683808df905e956f00348732448b5a6df67ee5849",
                "sha256:3a04359f308ebee571a3127fdb1bd01f88ba6f6fb6d087f8dd2e0d9bff43f2a7",
                "sha256:3a0d3e54ab1df9df51b914b2233cf779a5a10dfd1ce339d0421748232cea9876",
                "sha256:44e7e4587392953e5e251190a964675f61e4dae88d1e6edbe9f36d6243547ff3",
                "sha256:459307cacdd4138edee3875bbe22a2492519e060660eaf378ba3b405d1c66317",
                "sha256:4ce90f8a24e1c15465048959f1e94309dfef93af272633e8f37361b824532e91",
                "sha256:50bd5f1ebafe9362ad622072a1d2f5850ecfa44303531ff14353a4059113b12d",
                "sha256:522ff4ac3aaf839242c6f4e5b406634bfea002469656ae8358644fc6c4856a3b",
                "sha256:552912dbca585b74d75279a7570dd29fa43b6d93594abb494ebb31ac19ace6bd",
                "sha256:5d6c9049c6274c1bb565021367431ad04481ebb54872edecfcd6088d27edd6ed",
                "sha256:697a06bdcedd473b35e50a7e7506b1d8ceb832dc238a336bd6f4f5aa91a4b500",
                "sha256:71671503e3015da1b50bd18951e2f9daf5b6ffe36d16f1eb2c45711a301521a7",
                "sha256:723bd25051454cea9990203405fa6b74e043ea76d4968166dfd2569b0210886a",
                "sha256:764d2c0daf9c4d40ad12fbc0abd5da3af7f8aa11daf87e4fa1b834000f4b6b0a",
                "sha256:787bb0169d2385a798888e1122c980c6eff26bf941a8ea79747d35d8f9210ca0",
                "sha256:7f771e7219ff04b79e231d099c0a28ed83aa82af91fd5fa9fdb28f5b8d5addaf",
                "sha256:847e8d1017c741c735d3cd1883fa7b03ded4f825a6e5fcb9378fd813edee995f",
                "sha256:84efb46e8d881bb06b35d1d541aa87f574b58e87f781cbba8d200daa835b42e1",
                "sha256:898f1d306298ff40dc1b9ca24824f0488f6f039bc0e25cfb549d3195ffa17088",
                "sha256:8b451d6ead6e3500b6ce5c7916a43d8d8d25ad74b9102a629baccc0808c54971",
                "sha256:8f06be50669087250f319b706decf69ca71fdecd829091a37cc89398ca4dc17a",
                "sha256:92a23b0431941a33242b1f0ce6c88a952e09feeea9af4e8be48236a68ffe2205",
                "sha256:93139acd8109edcdeffd85e3af8ae7d88b258b3a1e13a038f542b79b6d255c54",
                "sha256:98533fd7fa764e5f85eebe56c8e4094db912ccbe6fbf3a58778d543cadd0db08",
                "sha256:9f665d1e6474af9f9da5e86c2a3a2d2d6204e04d5af9c06b9d42afa6ebde3f21",
                "sha256:b059ac2c4c7a97daafa7dc850b43b2d3667def858a4f112d1aa082e5c3d6cf7d",
                "sha256:b1be1c872b9b5fcc229adeadbeb51422a9633abd847c0ff87dc4ef9bb184ae08",
                "sha256:b7cf63d2c6928b51d35dfdbda6f2c1fddbe51a6bc4a9d4ee6ea0e11670dd981e",
                "sha256:bc2e3069569ea9dbe88d6b8ea38f439a6aad8f6e7a6283a38edf61ddefb3a9bf",
                "sha256:bcf1207e2f2385a576832af02702de104be71301c2696d0012b1b93fe34aaa5b",
                "sha256:ca26ba5767888c84bf5a0c1a32f069e8204ce8c21d00a49c90dabeba00ce0145",
                "sha256:cbe68deb8580462ca0d9eb56a81912f59eb4542e1ef8f987405e35a0179f4ea2",
                "sha256:d6caf3cd38449ec3cd8a68b375e0c6fe4b6fd04edb6c9766b55ef84a6e8ddf2d",
                "sha256:d72967b06be9300fed5cfbc8b5bafceec48bf7cdc7dab66b1d2549035287191d",
                "sha256:d889b53ae2f030f756e61a7bff13684dcd77e9af8b10c6048fb2c559d6ed6eaf",
                "sha256:de596695a75496deb3b499c8c4f8e60376e0516e1a774e7bc046f0f48cd620ad",
                "sha256:e6a90167bcca1216606223a05e2cf991bb25b14695c518bc65639463d7db722d",
                "sha256:ed2d9c0704f2dc4fa980b99d565c0c9a543fe5101c25b3d60488b8ba80f0cce1",
                "sha256:ee7810cf7c83fa227ba9125de6084e5e8b08c59038a7b2c9045ef4dde61663b4",
                "sha256:f0b4b06da13275bc02adfeb82643c4a6385bd08d26f03068c2796f60d125f6f2",
                "sha256:f11c9102c56ffb9ca87134bd025a43d2aba3f1155f508eff88f694b33a9c6d19",
                "sha256:f5bb289bb835f9fe1a1e9300d011eef4d69661bb9b34d5e196e5e82c4cb09b37",
                "sha256:f6d3d4c905e26354e8f9d82548475c46d8e0889538cb0657aa9c6f0872a37aa4",
                "sha256:fcb59711009b0168d6ee0bd8fb5eb259c4ab1717b2f538bbf36bacf207ef7a68",
                "sha256:fd2a5403a75b54661182b75ec6132437a181209b901446ee5724b589af8edef1"
            ],
            "markers": "python_version >= '3.8'",
            "version": "==10.0.1"
        },
        "pytesseract": {
            "hashes": [
                "sha256:7e2bafc7f48d1bb71443ce4633a56f5e21925a98f220a36c336297edcd1956d0",
                "sha256:fecda37d1e4eaf744c657cd03a5daab4eb97c61506ac5550274322c8ae32eca2"
            ],
            "index": "pypi",
            "version": "==0.3.9"
        },
        "regex": {
            "hashes": [
                "sha256:0085da0f6c6393428bf0d9c08d8b1874d805bb55e17cb1dfa5ddb7cfb11140bf",
                "sha256:06c57e14ac723b04458df5956cfb7e2d9caa6e9d353c0b4c7d5d54fcb1325c46",
                "sha256:09b7f4c66aa9d1522b06e31a54f15581c37286237208df1345108fcf4e050c18",
                "sha256:0c59122ceccb905a941fb23b087b8eafc5290bf983ebcb14d2301febcbe199c7",
                "sha256:1005c60ed7037be0d9dea1f9c53cc42f836188227366370867222bda4c3c6bd7",
                "sha256:14898830f0a0eb67cae2bbbc787c1a7d6e34ecc06fbd39d3af5fe29a4468e2c9",
                "sha256:14dc6f2d88192a67d708341f3085df6a4f5a0c7b03dec08d763ca2cd86e9f559",
                "sha256:1e7d84d64c84ad97bf06f3c8cb5e48941f135ace28f450d86af6b6512f1c9a71",
                "sha256:2162ae2eb8b079622176a81b65d486ba50b888271302190870b8cc488587d280",
                "sha256:22283c769a7b01c8ac355d5be0715bf6929b6267619505e289f792b01304d898",
                "sha256:239c3c2a339d3b3ddd51c2daef10874410917cd2b998f043c13e2084cb191684",
                "sha256:293352710172239bf579c90a9864d0df57340b6fd21272345222fb6371bf82b3",
                "sha256:2ae54a338191e1356253e7883d9d19f8679b6143703086245fb14d1f20196be9",
                "sha256:2e73e5243af12d9cd6a9d6a45a43570dbe2e5b1cdfc862f5ae2b031e44dd95a8",
                "sha256:2e9216e0d2cdce7dbc9be48cb3eacb962740a09b011a116fd7af8c832ab116ca",
                "sha256:3026cbcf11d79095a32d9a13bbc572a458727bd5b1ca332df4a79faecd45281c",
                "sha256:3611576aff55918af2697410ff0293d6071b7e00f4b09e005d614686ac4cd57c",
                "sha256:3ae646c35cb9f820491760ac62c25b6d6b496757fda2d51be429e0e7b67ae0ab",
                "sha256:3b8e6ea6be6d64104d8e9afc34c151926f8182f84e7ac290a93925c0db004bfd",
                "sha256:3d370ff652323c5307d9c8e4c62efd1956fb08051b0e9210212bc51168b4ff56",
                "sha256:3f7454aa427b8ab9101f3787eb178057c5250478e39b99540cfc2b889c7d0586",
                "sha256:40f029d73b10fac448c73d6eb33d57b34607f40116e9f6e9f0d32e9229b147d7",
                "sha256:423adfa872b4908843ac3e7a30f957f5d5282944b81ca0a3b8a7ccbbfaa06103",
                "sha256:4873ef92e03a4309b3ccd8281454801b291b689f6ad45ef8c3658b6fa761d7ac",
                "sha256:48c640b99213643d141550326f34f0502fedb1798adb3c9eb79650b1ecb2f177",
                "sha256:4ae594c66f4a7e1ea67232a0846649a7c94c188d6c071ac0210c3e86a5f92109",
                "sha256:4b694430b3f00eb02c594ff5a16db30e054c1b9589a043fe9174584c6efa8033",
                "sha256:51d8ea2a3a1a8fe4f67de21b8b93757005213e8ac3917567872f2865185fa7fb",
                "sha256:54de2619f5ea58474f2ac211ceea6b615af2d7e4306220d4f3fe690c91988a61",
                "sha256:551ad543fa19e94943c5b2cebc54c73353ffff08228ee5f3376bd27b3d5b9800",
                "sha256:5543c055d8ec7801901e1193a51570643d6a6ab8751b1f7dd9af71af467538bb",
                "sha256:5cd9cd7170459b9223c5e592ac036e0704bee765706445c353d96f2890e816c8",
                "sha256:5ec4b3f0aebbbe2fc0134ee30a791af522a92ad9f164858805a77442d7d18570",
                "sha256:67ecd894e56a0c6108ec5ab1d8fa8418ec0cff45844a855966b875d1039a2e34",
                "sha256:6ab2ed84bf0137927846b37e882745a827458689eb969028af8032b1b3dac78e",
                "sha256:704f63b774218207b8ccc6c47fcef5340741e5d839d11d606f70af93ee78e4d4",
                "sha256:7098c524ba9f20717a56a8d551d2ed491ea89cbf37e540759ed3b776a4f8d6eb",
                "sha256:7aed90a72fc3654fba9bc4b7f851571dcc368120432ad68b226bd593f3f6c0b7",
                "sha256:7ce606c14bb195b0e5108544b540e2c5faed6843367e4ab3deb5c6aa5e681208",
                "sha256:7eb95fe8222932c10d4436e7a6f7c99991e3fdd9f36c949eff16a69246dee2dc",
                "sha256:80b80b889cb767cc47f31d2b2f3dec2db8126fbcd0cff31b3925b4dc6609dcdb",
                "sha256:82cd0a69cd28f6cc3789cc6adeb1027f79526b1ab50b1f6062bbc3a0ccb2dbc3",
                "sha256:83215147121e15d5f3a45d99abeed9cf1fe16869d5c233b08c56cdf75f43a504",
                "sha256:88900f521c645f784260a8d346e12a1590f79e96403971241e64c3a265c8ecdb",
                "sha256:91129ff1bb0619bc1f4ad19485718cc623a2dc433dff95baadbf89405c7f6b57",
                "sha256:920974009fb37b20d32afcdf0227a2e707eb83fe418713f7a8b7de038b870d0b",
                "sha256:9233ac249b354c54146e392e8a451e465dd2d967fc773690811d3a8c240ac601",
                "sha256:941460db8fe3bd613db52f05259c9336f5a47ccae7d7def44cc277184030a116",
                "sha256:942f8b1f3b223638b02df7df79140646c03938d488fbfb771824f3d05fc083a8",
                "sha256:964b16dcc10c79a4a2be9f1273fcc2684a9eedb3906439720598029a797b46e6",
                "sha256:9691a549c19c22d26a4f3b948071e93517bdf86e41b81d8c6ac8a964bb71e5a6",
                "sha256:96979d753b1dc3b2169003e1854dc67bfc86edf93c01e84757927f810b8c3c93",
                "sha256:987b9ac04d0b38ef4f89fbc035e84a7efad9cdd5f1e29024f9289182c8d99e09",
                "sha256:988631b9d78b546e284478c2ec15c8a85960e262e247b35ca5eaf7ee22f6050a",
                "sha256:9a96edd79661e93327cfeac4edec72a4046e14550a1d22aa0dd2e3ca52aec921",
                "sha256:9b7408511fca48a82a119d78a77c2f5eb1b22fe88b0d2450ed0756d194fe7a9a",
                "sha256:9dd6082f4e2aec9b6a0927202c85bc1b09dcab113f97265127c1dc20e2e32495",
                "sha256:a2ad5add903eb7cdde2b7c64aaca405f3957ab34f16594d2b78d53b8b1a6a7d6",
                "sha256:a8c65c17aed7e15a0c824cdc63a6b104dfc530f6fa8cb6ac51c437af52b481c7",
                "sha256:aadf28046e77a72f30dcc1ab185639e8de7f4104b8cb5c6dfa5d8ed860e57236",
                "sha256:b076da1ed19dc37788f6a934c60adf97bd02c7eea461b73730513921a85d4235",
                "sha256:b2aeab3895d778155054abea5238d0eb9a72e9242bd4b43f42fd911ef9a13470",
                "sha256:b82edc98d107cbc7357da7a5a695901b47d6eb0420e587256ba3ad24b80b7d0b",
                "sha256:b8a0ccc8f2698f120e9e5742f4b38dc944c38744d4bdfc427616f3a163dd9de5",
                "sha256:b993b6f524d1e274a5062488a43e3f9f8764ee9745ccd8e8193df743dbe5ee61",
                "sha256:bb34d1605f96a245fc39790a117ac1bac8de84ab7691637b26ab2c5efb8f228c",
                "sha256:bd3366aceedf274f765a3a4bc95d6cd97b130d1dda524d8f25225d14123c01db",
                "sha256:c12f6f67495ea05c3d542d119d270007090bad5b843f642d418eb601ec0fa7be",
                "sha256:c662a4cbdd6280ee56f841f14620787215a171c4e2d1744c9528bed8f5816c96",
                "sha256:c884d1a59e69e03b93cf0dfee8794c63d7de0ee8f7ffb76e5f75be8131b6400a",
                "sha256:ca339088839582d01654e6f83a637a4b8194d0960477b9769d2ff2cfa0fa36d2",
                "sha256:cd2b6c5dfe0929b6c23dde9624483380b170b6e34ed79054ad131b20203a1a63",
                "sha256:ce0f9fbe7d295f9922c0424a3637b88c6c472b75eafeaff6f910494a1fa719ef",
                "sha256:cf0633e4a1b667bfe0bb10b5e53fe0d5f34a6243ea2530eb342491f1adf4f739",
                "sha256:cf9273e96f3ee2ac89ffcb17627a78f78e7516b08f94dc435844ae72576a276e",
                "sha256:d909b5a3fff619dc7e48b6b1bedc2f30ec43033ba7af32f936c10839e81b9217",
                "sha256:d9b6627408021452dcd0d2cdf8da0534e19d93d070bfa8b6b4176f99711e7f90",
                "sha256:de35342190deb7b866ad6ba5cbcccb2d22c0487ee0cbb251efef0843d705f0d4",
                "sha256:e51c80c168074faa793685656c38eb7a06cbad7774c8cbc3ea05552d615393d8",
                "sha256:e6bd1e9b95bc5614a7a9c9c44fde9539cba1c823b43a9f7bc11266446dd568e3",
                "sha256:e7a9aaa5a1267125eef22cef3b63484c3241aaec6f48949b366d26c7250e0357",
                "sha256:e951d1a8e9963ea51efd7f150450803e3b95db5939f994ad3d5edac2b6f6e2b4",
                "sha256:e9941a4ada58f6218694f382e43fdd256e97615db9da135e77359da257a7168b",
                "sha256:f0640913d2c1044d97e30d7c41728195fc37e54d190c5385eacb52115127b882",
                "sha256:f0ccf3e01afeb412a1a9993049cb160d0352dba635bbca7762b2dc722aa5742a",
                "sha256:f2181c20ef18747d5f4a7ea513e09ea03bdd50884a11ce46066bb90fe4213675",
                "sha256:f2200e00b62568cfd920127782c61bc1c546062a879cdc741cfcc6976668dfcf",
                "sha256:fcbdc5f2b0f1cd0f6a56cdb46fe41d2cce1e644e3b68832f3eeebc5fb0f7712e"
            ],
            "markers": "python_version >= '3.6'",
            "version": "==2023.8.8"
        },
        "requests": {
            "hashes": [
                "sha256:58cd2187c01e70e6e26505bca751777aa9f2ee0b7f4300988b709f44e013003f",
                "sha256:942c5a758f98d790eaed1a29cb6eefc7ffb0d1cf7af05c3d2791656dbd6ad1e1"
            ],
            "index": "pypi",
            "markers": "python_version >= '3.7'",
            "version": "==2.31.0"
        },
        "segtok": {
            "hashes": [
                "sha256:8ab2dd44245bcbfec25b575dc4618473bbdf2af8c2649698cd5a370f42f3db23",
                "sha256:910616b76198c3141b2772df530270d3b706e42ae69a5b30ef115c7bd5d1501a"
            ],
            "version": "==1.5.11"
        },
        "six": {
            "hashes": [
                "sha256:1e61c37477a1626458e36f7b1d82aa5c9b094fa4802892072e49de9c60c4c926",
                "sha256:8abb2f1d86890a2dfb989f9a77cfcfd3e47c2a354b01111771326f8aa26e0254"
            ],
            "markers": "python_version >= '2.7' and python_version not in '3.0, 3.1, 3.2, 3.3'",
            "version": "==1.16.0"
        },
        "tabulate": {
            "hashes": [
                "sha256:0095b12bf5966de529c0feb1fa08671671b3368eec77d7ef7ab114be2c068b3c",
                "sha256:024ca478df22e9340661486f85298cff5f6dcdba14f3813e8830015b9ed1948f"
            ],
            "markers": "python_version >= '3.7'",
            "version": "==0.9.0"
        },
        "urllib3": {
            "hashes": [
                "sha256:7a7c7003b000adf9e7ca2a377c9688bbc54ed41b985789ed576570342a375cd2",
                "sha256:b19e1a85d206b56d7df1d5e683df4a7725252a964e3993648dd0fb5a1c157564"
            ],
            "index": "pypi",
            "markers": "python_version >= '3.7'",
            "version": "==2.0.6"
        },
        "yake": {
            "hashes": [
                "sha256:859f379ac49ca204a0bc1527217f937321e87b68287f81db9700fc1039fd529a",
                "sha256:d46793266826468b4aecb668c51e677b7bc304f1bd3a15e100e324852ec5a0c3"
            ],
            "index": "pypi",
            "version": "==0.4.8"
        }
    },
    "develop": {}
}
